
Microsoft Visual Studio Solution File, Format Version 12.00
# Visual Studio 15
VisualStudioVersion = 15.0.26124.0
MinimumVisualStudioVersion = 15.0.26124.0
Project("{FAE04EC0-301F-11D3-BF4B-00C04F79EFBC}") = "Ex1", "Ex1\Ex1.csproj", "{CF2CA3B1-44E3-4441-8912-05A7DE4EE316}"
EndProject
Project("{FAE04EC0-301F-11D3-BF4B-00C04F79EFBC}") = "Tests", "Tests\Tests.csproj", "{25AFF2C4-0663-41C0-8C53-B88C91CDFA7D}"
EndProject
Project("{FAE04EC0-301F-11D3-BF4B-00C04F79EFBC}") = "Ex2", "Ex2\Ex2.csproj", "{3C4698D1-FDBD-4AA8-A50F-72E22D31A32A}"
EndProject
Project("{FAE04EC0-301F-11D3-BF4B-00C04F79EFBC}") = "Ex3", "Ex3\Ex3.csproj", "{33B55928-A33C-426E-A9E2-2C357C2D9DBA}"
EndProject
Project("{FAE04EC0-301F-11D3-BF4B-00C04F79EFBC}") = "Ex4", "Ex4\Ex4.csproj", "{35D85A8E-7C8F-4AFC-A1C6-487A3D667BA8}"
EndProject
Project("{FAE04EC0-301F-11D3-BF4B-00C04F79EFBC}") = "Ex5", "Ex5\Ex5.csproj", "{B096E9F3-C1A7-44F7-A868-8BDD83688F52}"
EndProject
Project("{FAE04EC0-301F-11D3-BF4B-00C04F79EFBC}") = "Ex6", "Ex6\Ex6.csproj", "{36FAF3F9-A86E-4A39-9DB1-70F272EE2C5F}"
EndProject
Global
	GlobalSection(SolutionConfigurationPlatforms) = preSolution
		Debug|Any CPU = Debug|Any CPU
		Debug|x64 = Debug|x64
		Debug|x86 = Debug|x86
		Release|Any CPU = Release|Any CPU
		Release|x64 = Release|x64
		Release|x86 = Release|x86
	EndGlobalSection
	GlobalSection(SolutionProperties) = preSolution
		HideSolutionNode = FALSE
	EndGlobalSection
	GlobalSection(ProjectConfigurationPlatforms) = postSolution
		{CF2CA3B1-44E3-4441-8912-05A7DE4EE316}.Debug|Any CPU.ActiveCfg = Debug|Any CPU
		{CF2CA3B1-44E3-4441-8912-05A7DE4EE316}.Debug|Any CPU.Build.0 = Debug|Any CPU
		{CF2CA3B1-44E3-4441-8912-05A7DE4EE316}.Debug|x64.ActiveCfg = Debug|x64
		{CF2CA3B1-44E3-4441-8912-05A7DE4EE316}.Debug|x64.Build.0 = Debug|x64
		{CF2CA3B1-44E3-4441-8912-05A7DE4EE316}.Debug|x86.ActiveCfg = Debug|x86
		{CF2CA3B1-44E3-4441-8912-05A7DE4EE316}.Debug|x86.Build.0 = Debug|x86
		{CF2CA3B1-44E3-4441-8912-05A7DE4EE316}.Release|Any CPU.ActiveCfg = Release|Any CPU
		{CF2CA3B1-44E3-4441-8912-05A7DE4EE316}.Release|Any CPU.Build.0 = Release|Any CPU
		{CF2CA3B1-44E3-4441-8912-05A7DE4EE316}.Release|x64.ActiveCfg = Release|x64
		{CF2CA3B1-44E3-4441-8912-05A7DE4EE316}.Release|x64.Build.0 = Release|x64
		{CF2CA3B1-44E3-4441-8912-05A7DE4EE316}.Release|x86.ActiveCfg = Release|x86
		{CF2CA3B1-44E3-4441-8912-05A7DE4EE316}.Release|x86.Build.0 = Release|x86
		{25AFF2C4-0663-41C0-8C53-B88C91CDFA7D}.Debug|Any CPU.ActiveCfg = Debug|Any CPU
		{25AFF2C4-0663-41C0-8C53-B88C91CDFA7D}.Debug|Any CPU.Build.0 = Debug|Any CPU
		{25AFF2C4-0663-41C0-8C53-B88C91CDFA7D}.Debug|x64.ActiveCfg = Debug|x64
		{25AFF2C4-0663-41C0-8C53-B88C91CDFA7D}.Debug|x64.Build.0 = Debug|x64
		{25AFF2C4-0663-41C0-8C53-B88C91CDFA7D}.Debug|x86.ActiveCfg = Debug|x86
		{25AFF2C4-0663-41C0-8C53-B88C91CDFA7D}.Debug|x86.Build.0 = Debug|x86
		{25AFF2C4-0663-41C0-8C53-B88C91CDFA7D}.Release|Any CPU.ActiveCfg = Release|Any CPU
		{25AFF2C4-0663-41C0-8C53-B88C91CDFA7D}.Release|Any CPU.Build.0 = Release|Any CPU
		{25AFF2C4-0663-41C0-8C53-B88C91CDFA7D}.Release|x64.ActiveCfg = Release|x64
		{25AFF2C4-0663-41C0-8C53-B88C91CDFA7D}.Release|x64.Build.0 = Release|x64
		{25AFF2C4-0663-41C0-8C53-B88C91CDFA7D}.Release|x86.ActiveCfg = Release|x86
		{25AFF2C4-0663-41C0-8C53-B88C91CDFA7D}.Release|x86.Build.0 = Release|x86
		{3C4698D1-FDBD-4AA8-A50F-72E22D31A32A}.Debug|Any CPU.ActiveCfg = Debug|Any CPU
		{3C4698D1-FDBD-4AA8-A50F-72E22D31A32A}.Debug|Any CPU.Build.0 = Debug|Any CPU
		{3C4698D1-FDBD-4AA8-A50F-72E22D31A32A}.Debug|x64.ActiveCfg = Debug|x64
		{3C4698D1-FDBD-4AA8-A50F-72E22D31A32A}.Debug|x64.Build.0 = Debug|x64
		{3C4698D1-FDBD-4AA8-A50F-72E22D31A32A}.Debug|x86.ActiveCfg = Debug|x86
		{3C4698D1-FDBD-4AA8-A50F-72E22D31A32A}.Debug|x86.Build.0 = Debug|x86
		{3C4698D1-FDBD-4AA8-A50F-72E22D31A32A}.Release|Any CPU.ActiveCfg = Release|Any CPU
		{3C4698D1-FDBD-4AA8-A50F-72E22D31A32A}.Release|Any CPU.Build.0 = Release|Any CPU
		{3C4698D1-FDBD-4AA8-A50F-72E22D31A32A}.Release|x64.ActiveCfg = Release|x64
		{3C4698D1-FDBD-4AA8-A50F-72E22D31A32A}.Release|x64.Build.0 = Release|x64
		{3C4698D1-FDBD-4AA8-A50F-72E22D31A32A}.Release|x86.ActiveCfg = Release|x86
		{3C4698D1-FDBD-4AA8-A50F-72E22D31A32A}.Release|x86.Build.0 = Release|x86
		{33B55928-A33C-426E-A9E2-2C357C2D9DBA}.Debug|Any CPU.ActiveCfg = Debug|Any CPU
		{33B55928-A33C-426E-A9E2-2C357C2D9DBA}.Debug|Any CPU.Build.0 = Debug|Any CPU
		{33B55928-A33C-426E-A9E2-2C357C2D9DBA}.Debug|x64.ActiveCfg = Debug|x64
		{33B55928-A33C-426E-A9E2-2C357C2D9DBA}.Debug|x64.Build.0 = Debug|x64
		{33B55928-A33C-426E-A9E2-2C357C2D9DBA}.Debug|x86.ActiveCfg = Debug|x86
		{33B55928-A33C-426E-A9E2-2C357C2D9DBA}.Debug|x86.Build.0 = Debug|x86
		{33B55928-A33C-426E-A9E2-2C357C2D9DBA}.Release|Any CPU.ActiveCfg = Release|Any CPU
		{33B55928-A33C-426E-A9E2-2C357C2D9DBA}.Release|Any CPU.Build.0 = Release|Any CPU
		{33B55928-A33C-426E-A9E2-2C357C2D9DBA}.Release|x64.ActiveCfg = Release|x64
		{33B55928-A33C-426E-A9E2-2C357C2D9DBA}.Release|x64.Build.0 = Release|x64
		{33B55928-A33C-426E-A9E2-2C357C2D9DBA}.Release|x86.ActiveCfg = Release|x86
		{33B55928-A33C-426E-A9E2-2C357C2D9DBA}.Release|x86.Build.0 = Release|x86
		{35D85A8E-7C8F-4AFC-A1C6-487A3D667BA8}.Debug|Any CPU.ActiveCfg = Debug|Any CPU
		{35D85A8E-7C8F-4AFC-A1C6-487A3D667BA8}.Debug|Any CPU.Build.0 = Debug|Any CPU
		{35D85A8E-7C8F-4AFC-A1C6-487A3D667BA8}.Debug|x64.ActiveCfg = Debug|x64
		{35D85A8E-7C8F-4AFC-A1C6-487A3D667BA8}.Debug|x64.Build.0 = Debug|x64
		{35D85A8E-7C8F-4AFC-A1C6-487A3D667BA8}.Debug|x86.ActiveCfg = Debug|x86
		{35D85A8E-7C8F-4AFC-A1C6-487A3D667BA8}.Debug|x86.Build.0 = Debug|x86
		{35D85A8E-7C8F-4AFC-A1C6-487A3D667BA8}.Release|Any CPU.ActiveCfg = Release|Any CPU
		{35D85A8E-7C8F-4AFC-A1C6-487A3D667BA8}.Release|Any CPU.Build.0 = Release|Any CPU
		{35D85A8E-7C8F-4AFC-A1C6-487A3D667BA8}.Release|x64.ActiveCfg = Release|x64
		{35D85A8E-7C8F-4AFC-A1C6-487A3D667BA8}.Release|x64.Build.0 = Release|x64
		{35D85A8E-7C8F-4AFC-A1C6-487A3D667BA8}.Release|x86.ActiveCfg = Release|x86
		{35D85A8E-7C8F-4AFC-A1C6-487A3D667BA8}.Release|x86.Build.0 = Release|x86
		{B096E9F3-C1A7-44F7-A868-8BDD83688F52}.Debug|Any CPU.ActiveCfg = Debug|Any CPU
		{B096E9F3-C1A7-44F7-A868-8BDD83688F52}.Debug|Any CPU.Build.0 = Debug|Any CPU
		{B096E9F3-C1A7-44F7-A868-8BDD83688F52}.Debug|x64.ActiveCfg = Debug|x64
		{B096E9F3-C1A7-44F7-A868-8BDD83688F52}.Debug|x64.Build.0 = Debug|x64
		{B096E9F3-C1A7-44F7-A868-8BDD83688F52}.Debug|x86.ActiveCfg = Debug|x86
		{B096E9F3-C1A7-44F7-A868-8BDD83688F52}.Debug|x86.Build.0 = Debug|x86
		{B096E9F3-C1A7-44F7-A868-8BDD83688F52}.Release|Any CPU.ActiveCfg = Release|Any CPU
		{B096E9F3-C1A7-44F7-A868-8BDD83688F52}.Release|Any CPU.Build.0 = Release|Any CPU
		{B096E9F3-C1A7-44F7-A868-8BDD83688F52}.Release|x64.ActiveCfg = Release|x64
		{B096E9F3-C1A7-44F7-A868-8BDD83688F52}.Release|x64.Build.0 = Release|x64
		{B096E9F3-C1A7-44F7-A868-8BDD83688F52}.Release|x86.ActiveCfg = Release|x86
		{B096E9F3-C1A7-44F7-A868-8BDD83688F52}.Release|x86.Build.0 = Release|x86
		{36FAF3F9-A86E-4A39-9DB1-70F272EE2C5F}.Debug|Any CPU.ActiveCfg = Debug|Any CPU
		{36FAF3F9-A86E-4A39-9DB1-70F272EE2C5F}.Debug|Any CPU.Build.0 = Debug|Any CPU
		{36FAF3F9-A86E-4A39-9DB1-70F272EE2C5F}.Debug|x64.ActiveCfg = Debug|x64
		{36FAF3F9-A86E-4A39-9DB1-70F272EE2C5F}.Debug|x64.Build.0 = Debug|x64
		{36FAF3F9-A86E-4A39-9DB1-70F272EE2C5F}.Debug|x86.ActiveCfg = Debug|x86
		{36FAF3F9-A86E-4A39-9DB1-70F272EE2C5F}.Debug|x86.Build.0 = Debug|x86
		{36FAF3F9-A86E-4A39-9DB1-70F272EE2C5F}.Release|Any CPU.ActiveCfg = Release|Any CPU
		{36FAF3F9-A86E-4A39-9DB1-70F272EE2C5F}.Release|Any CPU.Build.0 = Release|Any CPU
		{36FAF3F9-A86E-4A39-9DB1-70F272EE2C5F}.Release|x64.ActiveCfg = Release|x64
		{36FAF3F9-A86E-4A39-9DB1-70F272EE2C5F}.Release|x64.Build.0 = Release|x64
		{36FAF3F9-A86E-4A39-9DB1-70F272EE2C5F}.Release|x86.ActiveCfg = Release|x86
		{36FAF3F9-A86E-4A39-9DB1-70F272EE2C5F}.Release|x86.Build.0 = Release|x86
	EndGlobalSection
EndGlobal
